{
	archiveVersion = 1;
	classes = {
	};
	objectVersion = 56;
	objects = {

/* Begin PBXBuildFile section */
		BFFAB417EBF04F8DB2FD481A = {isa = PBXBuildFile; fileRef = 4F4A66767D554C98A40F9EE2; };
		1BA25ADBEE9541CB97400E96 = {isa = PBXBuildFile; fileRef = 93A9ABAB35E54FC29B44B7BE; };
		2105B36B66F94C70B5F44D64 = {isa = PBXBuildFile; fileRef = 25972224FF94495294338A43; };
		33E6647597A0423F896DC2D8 = {isa = PBXBuildFile; fileRef = 822CA51D6D164842AA416BBC; };
		979A2BA4BC434532BEB3CCFE = {isa = PBXBuildFile; fileRef = 8255F07BEBEE41F48242D163; };
		B89568BBA0C747348AE2C237 = {isa = PBXBuildFile; fileRef = 6A478373AEC54FF28F1AA6F0; };
		A9E786250B34411D90BEB6FB = {isa = PBXBuildFile; fileRef = 293DFCA0B4144494BEF6FDC9; };
		F6DA16884C804009A96F52DA = {isa = PBXBuildFile; fileRef = C7545E0517D24E508E096A7B; };
		86C79DA5FF1D4DEEAB64ECDA = {isa = PBXBuildFile; fileRef = 6F1CAD9E0E584E4F812CDC90; };
		1BB923C2507A4D10A2370FCA = {isa = PBXBuildFile; fileRef = E06D6E15130F4622930CB25D; };
		FE8363C555B14CE9917C4117 = {isa = PBXBuildFile; fileRef = 3F6F9A1D8AC347F487DFCA9F; };
		CCE8CA5C079845A395D0E77F = {isa = PBXBuildFile; fileRef = DCC4AC0A4AF24AC882FAD5A6; };
		6CCFE0B149B74FB486DD1B8B = {isa = PBXBuildFile; fileRef = 962530F1868E41678A55D08E; };
		D3F46AE3D2FB48BE9E17AF41 = {isa = PBXBuildFile; fileRef = 20573663A5364F84946B5A6B; };
		9A77A92351154C239B3C347F = {isa = PBXBuildFile; fileRef = 97310AC0B226473DB5160DA3; };
		3F4DB53E95DC41329D56AC56 = {isa = PBXBuildFile; fileRef = 8B8E5C327A5F46AB9B94DA42; };
		CAC07C06AB9B4DCC9848B860 = {isa = PBXBuildFile; fileRef = D597B741B7634CC9ABC922AA; };
/* End PBXBuildFile section */

/* Begin PBXFileReference section */
		4F4A66767D554C98A40F9EE2 = {isa = PBXFileReference; lastKnownFileType = sourcecode.swift; path = TetherApp.swift; sourceTree = "<group>"; };
		93A9ABAB35E54FC29B44B7BE = {isa = PBXFileReference; lastKnownFileType = sourcecode.swift; path = Models.swift; sourceTree = "<group>"; };
		25972224FF94495294338A43 = {isa = PBXFileReference; lastKnownFileType = sourcecode.swift; path = Persistence.swift; sourceTree = "<group>"; };
		822CA51D6D164842AA416BBC = {isa = PBXFileReference; lastKnownFileType = sourcecode.swift; path = Notifications.swift; sourceTree = "<group>"; };
		8255F07BEBEE41F48242D163 = {isa = PBXFileReference; lastKnownFileType = sourcecode.swift; path = BreakEngine.swift; sourceTree = "<group>"; };
		6A478373AEC54FF28F1AA6F0 = {isa = PBXFileReference; lastKnownFileType = sourcecode.swift; path = PomodoroEngine.swift; sourceTree = "<group>"; };
		293DFCA0B4144494BEF6FDC9 = {isa = PBXFileReference; lastKnownFileType = sourcecode.swift; path = UsageMonitor.swift; sourceTree = "<group>"; };
		C7545E0517D24E508E096A7B = {isa = PBXFileReference; lastKnownFileType = sourcecode.swift; path = EyeMonitor.swift; sourceTree = "<group>"; };
		6F1CAD9E0E584E4F812CDC90 = {isa = PBXFileReference; lastKnownFileType = sourcecode.swift; path = BuddyManager.swift; sourceTree = "<group>"; };
		E06D6E15130F4622930CB25D = {isa = PBXFileReference; lastKnownFileType = sourcecode.swift; path = FeedbackStore.swift; sourceTree = "<group>"; };
		3F6F9A1D8AC347F487DFCA9F = {isa = PBXFileReference; lastKnownFileType = sourcecode.swift; path = BreakOverlay.swift; sourceTree = "<group>"; };
		DCC4AC0A4AF24AC882FAD5A6 = {isa = PBXFileReference; lastKnownFileType = sourcecode.swift; path = MenuBarView.swift; sourceTree = "<group>"; };
		962530F1868E41678A55D08E = {isa = PBXFileReference; lastKnownFileType = sourcecode.swift; path = DashboardView.swift; sourceTree = "<group>"; };
		20573663A5364F84946B5A6B = {isa = PBXFileReference; lastKnownFileType = sourcecode.swift; path = PomodoroView.swift; sourceTree = "<group>"; };
		97310AC0B226473DB5160DA3 = {isa = PBXFileReference; lastKnownFileType = sourcecode.swift; path = BuddyView.swift; sourceTree = "<group>"; };
		8B8E5C327A5F46AB9B94DA42 = {isa = PBXFileReference; lastKnownFileType = sourcecode.swift; path = ErgonomicsView.swift; sourceTree = "<group>"; };
		D597B741B7634CC9ABC922AA = {isa = PBXFileReference; lastKnownFileType = sourcecode.swift; path = SettingsView.swift; sourceTree = "<group>"; };
		BC42AB3B5E844A10ACFE729C = {isa = PBXFileReference; lastKnownFileType = text.plist.xml; path = Info.plist; sourceTree = "<group>"; };
		85555DF7EDD84D8EA1F113AA = {isa = PBXFileReference; explicitFileType = wrapper.application; includeInIndex = 0; path = Tether.app; sourceTree = BUILT_PRODUCTS_DIR; };
/* End PBXFileReference section */

/* Begin PBXFrameworksBuildPhase section */
		D874CCB2242147F2B5BE982F = {isa = PBXFrameworksBuildPhase; buildActionMask = 2147483647; files = (); runOnlyForDeploymentPostprocessing = 0; };
/* End PBXFrameworksBuildPhase section */

/* Begin PBXGroup section */
		C25B3C35C0C64A3E9429B35E = {isa = PBXGroup; children = (CDA5004954334ECCA603277C, 873D4CF807504A9799EC1243); sourceTree = "<group>"; };
		CDA5004954334ECCA603277C = {isa = PBXGroup; children = (4F4A66767D554C98A40F9EE2, 93A9ABAB35E54FC29B44B7BE, 25972224FF94495294338A43, 822CA51D6D164842AA416BBC, 8255F07BEBEE41F48242D163, 6A478373AEC54FF28F1AA6F0, 293DFCA0B4144494BEF6FDC9, C7545E0517D24E508E096A7B, 6F1CAD9E0E584E4F812CDC90, E06D6E15130F4622930CB25D, 3F6F9A1D8AC347F487DFCA9F, F98F4B5CB3E6450699766412, BC42AB3B5E844A10ACFE729C); path = Tether; sourceTree = "<group>"; };
		F98F4B5CB3E6450699766412 = {isa = PBXGroup; children = (DCC4AC0A4AF24AC882FAD5A6, 962530F1868E41678A55D08E, 20573663A5364F84946B5A6B, 97310AC0B226473DB5160DA3, 8B8E5C327A5F46AB9B94DA42, D597B741B7634CC9ABC922AA); path = Views; sourceTree = "<group>"; };
		873D4CF807504A9799EC1243 = {isa = PBXGroup; children = (85555DF7EDD84D8EA1F113AA); name = Products; sourceTree = "<group>"; };
/* End PBXGroup section */

/* Begin PBXNativeTarget section */
		7418355797D04E8A93B8245A = {isa = PBXNativeTarget; buildConfigurationList = BBD5EB6E62214844ADAB916B; buildPhases = (BC315711C1E941C1831AE02F, D874CCB2242147F2B5BE982F, BCE9ADD5FE754E6385E0413A); buildRules = (); dependencies = (); name = Tether; productName = Tether; productReference = 85555DF7EDD84D8EA1F113AA; productType = "com.apple.product-type.application"; };
/* End PBXNativeTarget section */

/* Begin PBXProject section */
		26B8662314E64BE0AC42A1E6 = {isa = PBXProject; attributes = {LastUpgradeCheck = 1500; TargetAttributes = {7418355797D04E8A93B8245A = {CreatedOnToolsVersion = 15.0;};};}; buildConfigurationList = 1D47B030559A4776BE848F43; compatibilityVersion = "Xcode 14.0"; developmentRegion = en; hasScannedForEncodings = 0; knownRegions = (en); mainGroup = C25B3C35C0C64A3E9429B35E; productRefGroup = 873D4CF807504A9799EC1243; projectDirPath = ""; projectRoot = ""; targets = (7418355797D04E8A93B8245A); };
/* End PBXProject section */

/* Begin PBXSourcesBuildPhase section */
		BC315711C1E941C1831AE02F = {isa = PBXSourcesBuildPhase; buildActionMask = 2147483647; files = (BFFAB417EBF04F8DB2FD481A, 1BA25ADBEE9541CB97400E96, 2105B36B66F94C70B5F44D64, 33E6647597A0423F896DC2D8, 979A2BA4BC434532BEB3CCFE, B89568BBA0C747348AE2C237, A9E786250B34411D90BEB6FB, F6DA16884C804009A96F52DA, 86C79DA5FF1D4DEEAB64ECDA, 1BB923C2507A4D10A2370FCA, FE8363C555B14CE9917C4117, CCE8CA5C079845A395D0E77F, 6CCFE0B149B74FB486DD1B8B, D3F46AE3D2FB48BE9E17AF41, 9A77A92351154C239B3C347F, 3F4DB53E95DC41329D56AC56, CAC07C06AB9B4DCC9848B860); runOnlyForDeploymentPostprocessing = 0; };
		D874CCB2242147F2B5BE982F = {isa = PBXFrameworksBuildPhase; buildActionMask = 2147483647; files = (); runOnlyForDeploymentPostprocessing = 0; };
		BCE9ADD5FE754E6385E0413A = {isa = PBXResourcesBuildPhase; buildActionMask = 2147483647; files = (); runOnlyForDeploymentPostprocessing = 0; };
/* End PBXSourcesBuildPhase section */

/* Begin XCBuildConfiguration section */
		250D3439F9AD40D6B8E1B4F9 = {isa = XCBuildConfiguration; buildSettings = {
				ALWAYS_SEARCH_USER_PATHS = NO;
				CLANG_ANALYZER_NONNULL = YES;
				CLANG_ANALYZER_NUMBER_OBJECT_CONVERSION = YES_AGGRESSIVE;
				CLANG_CXX_LANGUAGE_STANDARD = "gnu++20";
				CLANG_ENABLE_MODULES = YES;
				CLANG_ENABLE_OBJC_ARC = YES;
				COPY_PHASE_STRIP = NO;
				GCC_C_LANGUAGE_STANDARD = gnu17;
				MTL_FAST_MATH = YES;
			}; name = Debug; };
		AE1B9E0569FC4CD1990A35C4 = {isa = XCBuildConfiguration; buildSettings = {
				ALWAYS_SEARCH_USER_PATHS = NO;
				CLANG_ANALYZER_NONNULL = YES;
				CLANG_ANALYZER_NUMBER_OBJECT_CONVERSION = YES_AGGRESSIVE;
				CLANG_CXX_LANGUAGE_STANDARD = "gnu++20";
				CLANG_ENABLE_MODULES = YES;
				CLANG_ENABLE_OBJC_ARC = YES;
				COPY_PHASE_STRIP = NO;
				GCC_C_LANGUAGE_STANDARD = gnu17;
				MTL_FAST_MATH = YES;
			}; name = Release; };
		2EB0EBD50B504C08AF3BD7A8 = {isa = XCBuildConfiguration; buildSettings = {
				ALWAYS_SEARCH_USER_PATHS = NO;
				CLANG_ANALYZER_NONNULL = YES;
				CODE_SIGN_STYLE = Automatic;
				COMBINE_HIDPI_IMAGES = YES;
				CURRENT_PROJECT_VERSION = 1;
				ENABLE_HARDENED_RUNTIME = YES;
				GENERATE_INFOPLIST_FILE = NO;
				INFOPLIST_FILE = Tether/Info.plist;
				LD_RUNPATH_SEARCH_PATHS = ("@executable_path/../Frameworks");
				MACOSX_DEPLOYMENT_TARGET = 13.0;
				MARKETING_VERSION = 1.0.0;
				PRODUCT_BUNDLE_IDENTIFIER = com.rtmalikian.tether;
				PRODUCT_NAME = "$(TARGET_NAME)";
				SWIFT_EMIT_LOC_STRINGS = YES;
				SWIFT_VERSION = 5.0;
				DEBUG_INFORMATION_FORMAT = dwarf;
				ENABLE_TESTABILITY = YES;
				GCC_OPTIMIZATION_LEVEL = 0;
				ONLY_ACTIVE_ARCH = YES;
				SWIFT_ACTIVE_COMPILATION_CONDITIONS = DEBUG;
				SWIFT_OPTIMIZATION_LEVEL = "-Onone";
			}; name = Debug; };
		9D281D5E39AD4828A7136E7F = {isa = XCBuildConfiguration; buildSettings = {
				ALWAYS_SEARCH_USER_PATHS = NO;
				CLANG_ANALYZER_NONNULL = YES;
				CODE_SIGN_STYLE = Automatic;
				COMBINE_HIDPI_IMAGES = YES;
				CURRENT_PROJECT_VERSION = 1;
				ENABLE_HARDENED_RUNTIME = YES;
				GENERATE_INFOPLIST_FILE = NO;
				INFOPLIST_FILE = Tether/Info.plist;
				LD_RUNPATH_SEARCH_PATHS = ("@executable_path/../Frameworks");
				MACOSX_DEPLOYMENT_TARGET = 13.0;
				MARKETING_VERSION = 1.0.0;
				PRODUCT_BUNDLE_IDENTIFIER = com.rtmalikian.tether;
				PRODUCT_NAME = "$(TARGET_NAME)";
				SWIFT_EMIT_LOC_STRINGS = YES;
				SWIFT_VERSION = 5.0;
				DEBUG_INFORMATION_FORMAT = "dwarf-with-dsym";
				SWIFT_OPTIMIZATION_LEVEL = "-O";
			}; name = Release; };
/* End XCBuildConfiguration section */

/* Begin XCConfigurationList section */
		1D47B030559A4776BE848F43 = {isa = XCConfigurationList; buildConfigurations = (250D3439F9AD40D6B8E1B4F9, AE1B9E0569FC4CD1990A35C4); defaultConfigurationIsVisible = 0; defaultConfigurationName = Release; };
		BBD5EB6E62214844ADAB916B = {isa = XCConfigurationList; buildConfigurations = (2EB0EBD50B504C08AF3BD7A8, 9D281D5E39AD4828A7136E7F); defaultConfigurationIsVisible = 0; defaultConfigurationName = Release; };
/* End XCConfigurationList section */
	};
	rootObject = 26B8662314E64BE0AC42A1E6;
}
